// !$*UTF8*$!
{
	archiveVersion = 1;
	classes = {
	};
	objectVersion = 46;
	objects = {

/* Begin PBXBuildFile section */
		AAE55B861D84A1C2002A64AC /* AppDelegate.swift in Sources */ = {isa = PBXBuildFile; fileRef = AAE55B851D84A1C2002A64AC /* AppDelegate.swift */; };
		AAE55B881D84A1C2002A64AC /* ViewController.swift in Sources */ = {isa = PBXBuildFile; fileRef = AAE55B871D84A1C2002A64AC /* ViewController.swift */; };
		AAE55B8B1D84A1C2002A64AC /* Main.storyboard in Resources */ = {isa = PBXBuildFile; fileRef = AAE55B891D84A1C2002A64AC /* Main.storyboard */; };
		AAE55B8D1D84A1C2002A64AC /* Assets.xcassets in Resources */ = {isa = PBXBuildFile; fileRef = AAE55B8C1D84A1C2002A64AC /* Assets.xcassets */; };
		AAE55B901D84A1C2002A64AC /* LaunchScreen.storyboard in Resources */ = {isa = PBXBuildFile; fileRef = AAE55B8E1D84A1C2002A64AC /* LaunchScreen.storyboard */; };
		AAE55B9B1D84A1C2002A64AC /* partyRockTests.swift in Sources */ = {isa = PBXBuildFile; fileRef = AAE55B9A1D84A1C2002A64AC /* partyRockTests.swift */; };
		AAE55BA61D84A1C2002A64AC /* partyRockUITests.swift in Sources */ = {isa = PBXBuildFile; fileRef = AAE55BA51D84A1C2002A64AC /* partyRockUITests.swift */; };
/* End PBXBuildFile section */

/* Begin PBXContainerItemProxy section */
		AAE55B971D84A1C2002A64AC /* PBXContainerItemProxy */ = {
			isa = PBXContainerItemProxy;
			containerPortal = AAE55B7A1D84A1C2002A64AC /* Project object */;
			proxyType = 1;
			remoteGlobalIDString = AAE55B811D84A1C2002A64AC;
			remoteInfo = partyRock;
		};
		AAE55BA21D84A1C2002A64AC /* PBXContainerItemProxy */ = {
			isa = PBXContainerItemProxy;
			containerPortal = AAE55B7A1D84A1C2002A64AC /* Project object */;
			proxyType = 1;
			remoteGlobalIDString = AAE55B811D84A1C2002A64AC;
			remoteInfo = partyRock;
		};
/* End PBXContainerItemProxy section */

/* Begin PBXFileReference section */
		AAE55B821D84A1C2002A64AC /* partyRock.app */ = {isa = PBXFileReference; explicitFileType = wrapper.application; includeInIndex = 0; path = partyRock.app; sourceTree = BUILT_PRODUCTS_DIR; };
		AAE55B851D84A1C2002A64AC /* AppDelegate.swift */ = {isa = PBXFileReference; lastKnownFileType = sourcecode.swift; path = AppDelegate.swift; sourceTree = "<group>"; };
		AAE55B871D84A1C2002A64AC /* ViewController.swift */ = {isa = PBXFileReference; lastKnownFileType = sourcecode.swift; path = ViewController.swift; sourceTree = "<group>"; };
		AAE55B8A1D84A1C2002A64AC /* Base */ = {isa = PBXFileReference; lastKnownFileType = file.storyboard; name = Base; path = Base.lproj/Main.storyboard; sourceTree = "<group>"; };
		AAE55B8C1D84A1C2002A64AC /* Assets.xcassets */ = {isa = PBXFileReference; lastKnownFileType = folder.assetcatalog; path = Assets.xcassets; sourceTree = "<group>"; };
		AAE55B8F1D84A1C2002A64AC /* Base */ = {isa = PBXFileReference; lastKnownFileType = file.storyboard; name = Base; path = Base.lproj/LaunchScreen.storyboard; sourceTree = "<group>"; };
		AAE55B911D84A1C2002A64AC /* Info.plist */ = {isa = PBXFileReference; lastKnownFileType = text.plist.xml; path = Info.plist; sourceTree = "<group>"; };
		AAE55B961D84A1C2002A64AC /* partyRockTests.xctest */ = {isa = PBXFileReference; explicitFileType = wrapper.cfbundle; includeInIndex = 0; path = partyRockTests.xctest; sourceTree = BUILT_PRODUCTS_DIR; };
		AAE55B9A1D84A1C2002A64AC /* partyRockTests.swift */ = {isa = PBXFileReference; lastKnownFileType = sourcecode.swift; path = partyRockTests.swift; sourceTree = "<group>"; };
		AAE55B9C1D84A1C2002A64AC /* Info.plist */ = {isa = PBXFileReference; lastKnownFileType = text.plist.xml; path = Info.plist; sourceTree = "<group>"; };
		AAE55BA11D84A1C2002A64AC /* partyRockUITests.xctest */ = {isa = PBXFileReference; explicitFileType = wrapper.cfbundle; includeInIndex = 0; path = partyRockUITests.xctest; sourceTree = BUILT_PRODUCTS_DIR; };
		AAE55BA51D84A1C2002A64AC /* partyRockUITests.swift */ = {isa = PBXFileReference; lastKnownFileType = sourcecode.swift; path = partyRockUITests.swift; sourceTree = "<group>"; };
		AAE55BA71D84A1C2002A64AC /* Info.plist */ = {isa = PBXFileReference; lastKnownFileType = text.plist.xml; path = Info.plist; sourceTree = "<group>"; };
/* End PBXFileReference section */

/* Begin PBXFrameworksBuildPhase section */
		AAE55B7F1D84A1C2002A64AC /* Frameworks */ = {
			isa = PBXFrameworksBuildPhase;
			buildActionMask = 2147483647;
			files = (
			);
			runOnlyForDeploymentPostprocessing = 0;
		};
		AAE55B931D84A1C2002A64AC /* Frameworks */ = {
			isa = PBXFrameworksBuildPhase;
			buildActionMask = 2147483647;
			files = (
			);
			runOnlyForDeploymentPostprocessing = 0;
		};
		AAE55B9E1D84A1C2002A64AC /* Frameworks */ = {
			isa = PBXFrameworksBuildPhase;
			buildActionMask = 2147483647;
			files = (
			);
			runOnlyForDeploymentPostprocessing = 0;
		};
/* End PBXFrameworksBuildPhase section */

/* Begin PBXGroup section */
		AAE55B791D84A1C2002A64AC = {
			isa = PBXGroup;
			children = (
				AAE55B841D84A1C2002A64AC /* partyRock */,
				AAE55B991D84A1C2002A64AC /* partyRockTests */,
				AAE55BA41D84A1C2002A64AC /* partyRockUITests */,
				AAE55B831D84A1C2002A64AC /* Products */,
			);
			sourceTree = "<group>";
		};
		AAE55B831D84A1C2002A64AC /* Products */ = {
			isa = PBXGroup;
			children = (
				AAE55B821D84A1C2002A64AC /* partyRock.app */,
				AAE55B961D84A1C2002A64AC /* partyRockTests.xctest */,
				AAE55BA11D84A1C2002A64AC /* partyRockUITests.xctest */,
			);
			name = Products;
			sourceTree = "<group>";
		};
		AAE55B841D84A1C2002A64AC /* partyRock */ = {
			isa = PBXGroup;
			children = (
				AAE55B851D84A1C2002A64AC /* AppDelegate.swift */,
				AAE55B871D84A1C2002A64AC /* ViewController.swift */,
				AAE55B891D84A1C2002A64AC /* Main.storyboard */,
				AAE55B8C1D84A1C2002A64AC /* Assets.xcassets */,
				AAE55B8E1D84A1C2002A64AC /* LaunchScreen.storyboard */,
				AAE55B911D84A1C2002A64AC /* Info.plist */,
			);
			path = partyRock;
			sourceTree = "<group>";
		};
		AAE55B991D84A1C2002A64AC /* partyRockTests */ = {
			isa = PBXGroup;
			children = (
				AAE55B9A1D84A1C2002A64AC /* partyRockTests.swift */,
				AAE55B9C1D84A1C2002A64AC /* Info.plist */,
			);
			path = partyRockTests;
			sourceTree = "<group>";
		};
		AAE55BA41D84A1C2002A64AC /* partyRockUITests */ = {
			isa = PBXGroup;
			children = (
				AAE55BA51D84A1C2002A64AC /* partyRockUITests.swift */,
				AAE55BA71D84A1C2002A64AC /* Info.plist */,
			);
			path = partyRockUITests;
			sourceTree = "<group>";
		};
/* End PBXGroup section */

/* Begin PBXNativeTarget section */
		AAE55B811D84A1C2002A64AC /* partyRock */ = {
			isa = PBXNativeTarget;
			buildConfigurationList = AAE55BAA1D84A1C2002A64AC /* Build configuration list for PBXNativeTarget "partyRock" */;
			buildPhases = (
				AAE55B7E1D84A1C2002A64AC /* Sources */,
				AAE55B7F1D84A1C2002A64AC /* Frameworks */,
				AAE55B801D84A1C2002A64AC /* Resources */,
			);
			buildRules = (
			);
			dependencies = (
			);
			name = partyRock;
			productName = partyRock;
			productReference = AAE55B821D84A1C2002A64AC /* partyRock.app */;
			productType = "com.apple.product-type.application";
		};
		AAE55B951D84A1C2002A64AC /* partyRockTests */ = {
			isa = PBXNativeTarget;
			buildConfigurationList = AAE55BAD1D84A1C2002A64AC /* Build configuration list for PBXNativeTarget "partyRockTests" */;
			buildPhases = (
				AAE55B921D84A1C2002A64AC /* Sources */,
				AAE55B931D84A1C2002A64AC /* Frameworks */,
				AAE55B941D84A1C2002A64AC /* Resources */,
			);
			buildRules = (
			);
			dependencies = (
				AAE55B981D84A1C2002A64AC /* PBXTargetDependency */,
			);
			name = partyRockTests;
			productName = partyRockTests;
			productReference = AAE55B961D84A1C2002A64AC /* partyRockTests.xctest */;
			productType = "com.apple.product-type.bundle.unit-test";
		};
		AAE55BA01D84A1C2002A64AC /* partyRockUITests */ = {
			isa = PBXNativeTarget;
			buildConfigurationList = AAE55BB01D84A1C2002A64AC /* Build configuration list for PBXNativeTarget "partyRockUITests" */;
			buildPhases = (
				AAE55B9D1D84A1C2002A64AC /* Sources */,
				AAE55B9E1D84A1C2002A64AC /* Frameworks */,
				AAE55B9F1D84A1C2002A64AC /* Resources */,
			);
			buildRules = (
			);
			dependencies = (
				AAE55BA31D84A1C2002A64AC /* PBXTargetDependency */,
			);
			name = partyRockUITests;
			productName = partyRockUITests;
			productReference = AAE55BA11D84A1C2002A64AC /* partyRockUITests.xctest */;
			productType = "com.apple.product-type.bundle.ui-testing";
		};
/* End PBXNativeTarget section */

/* Begin PBXProject section */
		AAE55B7A1D84A1C2002A64AC /* Project object */ = {
			isa = PBXProject;
			attributes = {
				LastSwiftUpdateCheck = 0800;
				LastUpgradeCheck = 0800;
				ORGANIZATIONNAME = "James Volmert";
				TargetAttributes = {
					AAE55B811D84A1C2002A64AC = {
						CreatedOnToolsVersion = 8.0;
						ProvisioningStyle = Automatic;
					};
					AAE55B951D84A1C2002A64AC = {
						CreatedOnToolsVersion = 8.0;
						ProvisioningStyle = Automatic;
						TestTargetID = AAE55B811D84A1C2002A64AC;
					};
					AAE55BA01D84A1C2002A64AC = {
						CreatedOnToolsVersion = 8.0;
						ProvisioningStyle = Automatic;
						TestTargetID = AAE55B811D84A1C2002A64AC;
					};
				};
			};
			buildConfigurationList = AAE55B7D1D84A1C2002A64AC /* Build configuration list for PBXProject "partyRock" */;
			compatibilityVersion = "Xcode 3.2";
			developmentRegion = English;
			hasScannedForEncodings = 0;
			knownRegions = (
				en,
				Base,
			);
			mainGroup = AAE55B791D84A1C2002A64AC;
			productRefGroup = AAE55B831D84A1C2002A64AC /* Products */;
			projectDirPath = "";
			projectRoot = "";
			targets = (
				AAE55B811D84A1C2002A64AC /* partyRock */,
				AAE55B951D84A1C2002A64AC /* partyRockTests */,
				AAE55BA01D84A1C2002A64AC /* partyRockUITests */,
			);
		};
/* End PBXProject section */

/* Begin PBXResourcesBuildPhase section */
		AAE55B801D84A1C2002A64AC /* Resources */ = {
			isa = PBXResourcesBuildPhase;
			buildActionMask = 2147483647;
			files = (
				AAE55B901D84A1C2002A64AC /* LaunchScreen.storyboard in Resources */,
				AAE55B8D1D84A1C2002A64AC /* Assets.xcassets in Resources */,
				AAE55B8B1D84A1C2002A64AC /* Main.storyboard in Resources */,
			);
			runOnlyForDeploymentPostprocessing = 0;
		};
		AAE55B941D84A1C2002A64AC /* Resources */ = {
			isa = PBXResourcesBuildPhase;
			buildActionMask = 2147483647;
			files = (
			);
			runOnlyForDeploymentPostprocessing = 0;
		};
		AAE55B9F1D84A1C2002A64AC /* Resources */ = {
			isa = PBXResourcesBuildPhase;
			buildActionMask = 2147483647;
			files = (
			);
			runOnlyForDeploymentPostprocessing = 0;
		};
/* End PBXResourcesBuildPhase section */

/* Begin PBXSourcesBuildPhase section */
		AAE55B7E1D84A1C2002A64AC /* Sources */ = {
			isa = PBXSourcesBuildPhase;
			buildActionMask = 2147483647;
			files = (
				AAE55B881D84A1C2002A64AC /* ViewController.swift in Sources */,
				AAE55B861D84A1C2002A64AC /* AppDelegate.swift in Sources */,
			);
			runOnlyForDeploymentPostprocessing = 0;
		};
		AAE55B921D84A1C2002A64AC /* Sources */ = {
			isa = PBXSourcesBuildPhase;
			buildActionMask = 2147483647;
			files = (
				AAE55B9B1D84A1C2002A64AC /* partyRockTests.swift in Sources */,
			);
			runOnlyForDeploymentPostprocessing = 0;
		};
		AAE55B9D1D84A1C2002A64AC /* Sources */ = {
			isa = PBXSourcesBuildPhase;
			buildActionMask = 2147483647;
			files = (
				AAE55BA61D84A1C2002A64AC /* partyRockUITests.swift in Sources */,
			);
			runOnlyForDeploymentPostprocessing = 0;
		};
/* End PBXSourcesBuildPhase section */

/* Begin PBXTargetDependency section */
		AAE55B981D84A1C2002A64AC /* PBXTargetDependency */ = {
			isa = PBXTargetDependency;
			target = AAE55B811D84A1C2002A64AC /* partyRock */;
			targetProxy = AAE55B971D84A1C2002A64AC /* PBXContainerItemProxy */;
		};
		AAE55BA31D84A1C2002A64AC /* PBXTargetDependency */ = {
			isa = PBXTargetDependency;
			target = AAE55B811D84A1C2002A64AC /* partyRock */;
			targetProxy = AAE55BA21D84A1C2002A64AC /* PBXContainerItemProxy */;
		};
/* End PBXTargetDependency section */

/* Begin PBXVariantGroup section */
		AAE55B891D84A1C2002A64AC /* Main.storyboard */ = {
			isa = PBXVariantGroup;
			children = (
				AAE55B8A1D84A1C2002A64AC /* Base */,
			);
			name = Main.storyboard;
			sourceTree = "<group>";
		};
		AAE55B8E1D84A1C2002A64AC /* LaunchScreen.storyboard */ = {
			isa = PBXVariantGroup;
			children = (
				AAE55B8F1D84A1C2002A64AC /* Base */,
			);
			name = LaunchScreen.storyboard;
			sourceTree = "<group>";
		};
/* End PBXVariantGroup section */

/* Begin XCBuildConfiguration section */
		AAE55BA81D84A1C2002A64AC /* Debug */ = {
			isa = XCBuildConfiguration;
			buildSettings = {
				ALWAYS_SEARCH_USER_PATHS = NO;
				CLANG_ANALYZER_NONNULL = YES;
				CLANG_CXX_LANGUAGE_STANDARD = "gnu++0x";
				CLANG_CXX_LIBRARY = "libc++";
				CLANG_ENABLE_MODULES = YES;
				CLANG_ENABLE_OBJC_ARC = YES;
				CLANG_WARN_BOOL_CONVERSION = YES;
				CLANG_WARN_CONSTANT_CONVERSION = YES;
				CLANG_WARN_DIRECT_OBJC_ISA_USAGE = YES_ERROR;
				CLANG_WARN_DOCUMENTATION_COMMENTS = YES;
				CLANG_WARN_EMPTY_BODY = YES;
				CLANG_WARN_ENUM_CONVERSION = YES;
				CLANG_WARN_INFINITE_RECURSION = YES;
				CLANG_WARN_INT_CONVERSION = YES;
				CLANG_WARN_OBJC_ROOT_CLASS = YES_ERROR;
				CLANG_WARN_SUSPICIOUS_MOVES = YES;
				CLANG_WARN_UNREACHABLE_CODE = YES;
				CLANG_WARN__DUPLICATE_METHOD_MATCH = YES;
				"CODE_SIGN_IDENTITY[sdk=iphoneos*]" = "iPhone Developer";
				COPY_PHASE_STRIP = NO;
				DEBUG_INFORMATION_FORMAT = dwarf;
				ENABLE_STRICT_OBJC_MSGSEND = YES;
				ENABLE_TESTABILITY = YES;
				GCC_C_LANGUAGE_STANDARD = gnu99;
				GCC_DYNAMIC_NO_PIC = NO;
				GCC_NO_COMMON_BLOCKS = YES;
				GCC_OPTIMIZATION_LEVEL = 0;
				GCC_PREPROCESSOR_DEFINITIONS = (
					"DEBUG=1",
					"$(inherited)",
				);
				GCC_WARN_64_TO_32_BIT_CONVERSION = YES;
				GCC_WARN_ABOUT_RETURN_TYPE = YES_ERROR;
				GCC_WARN_UNDECLARED_SELECTOR = YES;
				GCC_WARN_UNINITIALIZED_AUTOS = YES_AGGRESSIVE;
				GCC_WARN_UNUSED_FUNCTION = YES;
				GCC_WARN_UNUSED_VARIABLE = YES;
				IPHONEOS_DEPLOYMENT_TARGET = 10.0;
				MTL_ENABLE_DEBUG_INFO = YES;
				ONLY_ACTIVE_ARCH = YES;
				SDKROOT = iphoneos;
				SWIFT_ACTIVE_COMPILATION_CONDITIONS = DEBUG;
				SWIFT_OPTIMIZATION_LEVEL = "-Onone";
				TARGETED_DEVICE_FAMILY = "1,2";
			};
			name = Debug;
		};
		AAE55BA91D84A1C2002A64AC /* Release */ = {
			isa = XCBuildConfiguration;
			buildSettings = {
				ALWAYS_SEARCH_USER_PATHS = NO;
				CLANG_ANALYZER_NONNULL = YES;
				CLANG_CXX_LANGUAGE_STANDARD = "gnu++0x";
				CLANG_CXX_LIBRARY = "libc++";
				CLANG_ENABLE_MODULES = YES;
				CLANG_ENABLE_OBJC_ARC = YES;
				CLANG_WARN_BOOL_CONVERSION = YES;
				CLANG_WARN_CONSTANT_CONVERSION = YES;
				CLANG_WARN_DIRECT_OBJC_ISA_USAGE = YES_ERROR;
				CLANG_WARN_DOCUMENTATION_COMMENTS = YES;
				CLANG_WARN_EMPTY_BODY = YES;
				CLANG_WARN_ENUM_CONVERSION = YES;
				CLANG_WARN_INFINITE_RECURSION = YES;
				CLANG_WARN_INT_CONVERSION = YES;
				CLANG_WARN_OBJC_ROOT_CLASS = YES_ERROR;
				CLANG_WARN_SUSPICIOUS_MOVES = YES;
				CLANG_WARN_UNREACHABLE_CODE = YES;
				CLANG_WARN__DUPLICATE_METHOD_MATCH = YES;
				"CODE_SIGN_IDENTITY[sdk=iphoneos*]" = "iPhone Developer";
				COPY_PHASE_STRIP = NO;
				DEBUG_INFORMATION_FORMAT = "dwarf-with-dsym";
				ENABLE_NS_ASSERTIONS = NO;
				ENABLE_STRICT_OBJC_MSGSEND = YES;
				GCC_C_LANGUAGE_STANDARD = gnu99;
				GCC_NO_COMMON_BLOCKS = YES;
				GCC_WARN_64_TO_32_BIT_CONVERSION = YES;
				GCC_WARN_ABOUT_RETURN_TYPE = YES_ERROR;
				GCC_WARN_UNDECLARED_SELECTOR = YES;
				GCC_WARN_UNINITIALIZED_AUTOS = YES_AGGRESSIVE;
				GCC_WARN_UNUSED_FUNCTION = YES;
				GCC_WARN_UNUSED_VARIABLE = YES;
				IPHONEOS_DEPLOYMENT_TARGET = 10.0;
				MTL_ENABLE_DEBUG_INFO = NO;
				SDKROOT = iphoneos;
				SWIFT_OPTIMIZATION_LEVEL = "-Owholemodule";
				TARGETED_DEVICE_FAMILY = "1,2";
				VALIDATE_PRODUCT = YES;
			};
			name = Release;
		};
		AAE55BAB1D84A1C2002A64AC /* Debug */ = {
			isa = XCBuildConfiguration;
			buildSettings = {
				ASSETCATALOG_COMPILER_APPICON_NAME = AppIcon;
				INFOPLIST_FILE = partyRock/Info.plist;
				LD_RUNPATH_SEARCH_PATHS = "$(inherited) @executable_path/Frameworks";
				PRODUCT_BUNDLE_IDENTIFIER = vhg.partyRock;
				PRODUCT_NAME = "$(TARGET_NAME)";
				SWIFT_VERSION = 3.0;
			};
			name = Debug;
		};
		AAE55BAC1D84A1C2002A64AC /* Release */ = {
			isa = XCBuildConfiguration;
			buildSettings = {
				ASSETCATALOG_COMPILER_APPICON_NAME = AppIcon;
				INFOPLIST_FILE = partyRock/Info.plist;
				LD_RUNPATH_SEARCH_PATHS = "$(inherited) @executable_path/Frameworks";
				PRODUCT_BUNDLE_IDENTIFIER = vhg.partyRock;
				PRODUCT_NAME = "$(TARGET_NAME)";
				SWIFT_VERSION = 3.0;
			};
			name = Release;
		};
		AAE55BAE1D84A1C2002A64AC /* Debug */ = {
			isa = XCBuildConfiguration;
			buildSettings = {
				ALWAYS_EMBED_SWIFT_STANDARD_LIBRARIES = YES;
				BUNDLE_LOADER = "$(TEST_HOST)";
				INFOPLIST_FILE = partyRockTests/Info.plist;
				LD_RUNPATH_SEARCH_PATHS = "$(inherited) @executable_path/Frameworks @loader_path/Frameworks";
				PRODUCT_BUNDLE_IDENTIFIER = vhg.partyRockTests;
				PRODUCT_NAME = "$(TARGET_NAME)";
				SWIFT_VERSION = 3.0;
				TEST_HOST = "$(BUILT_PRODUCTS_DIR)/partyRock.app/partyRock";
			};
			name = Debug;
		};
		AAE55BAF1D84A1C2002A64AC /* Release */ = {
			isa = XCBuildConfiguration;
			buildSettings = {
				ALWAYS_EMBED_SWIFT_STANDARD_LIBRARIES = YES;
				BUNDLE_LOADER = "$(TEST_HOST)";
				INFOPLIST_FILE = partyRockTests/Info.plist;
				LD_RUNPATH_SEARCH_PATHS = "$(inherited) @executable_path/Frameworks @loader_path/Frameworks";
				PRODUCT_BUNDLE_IDENTIFIER = vhg.partyRockTests;
				PRODUCT_NAME = "$(TARGET_NAME)";
				SWIFT_VERSION = 3.0;
				TEST_HOST = "$(BUILT_PRODUCTS_DIR)/partyRock.app/partyRock";
			};
			name = Release;
		};
		AAE55BB11D84A1C2002A64AC /* Debug */ = {
			isa = XCBuildConfiguration;
			buildSettings = {
				ALWAYS_EMBED_SWIFT_STANDARD_LIBRARIES = YES;
				INFOPLIST_FILE = partyRockUITests/Info.plist;
				LD_RUNPATH_SEARCH_PATHS = "$(inherited) @executable_path/Frameworks @loader_path/Frameworks";
				PRODUCT_BUNDLE_IDENTIFIER = vhg.partyRockUITests;
				PRODUCT_NAME = "$(TARGET_NAME)";
				SWIFT_VERSION = 3.0;
				TEST_TARGET_NAME = partyRock;
			};
			name = Debug;
		};
		AAE55BB21D84A1C2002A64AC /* Release */ = {
			isa = XCBuildConfiguration;
			buildSettings = {
				ALWAYS_EMBED_SWIFT_STANDARD_LIBRARIES = YES;
				INFOPLIST_FILE = partyRockUITests/Info.plist;
				LD_RUNPATH_SEARCH_PATHS = "$(inherited) @executable_path/Frameworks @loader_path/Frameworks";
				PRODUCT_BUNDLE_IDENTIFIER = vhg.partyRockUITests;
				PRODUCT_NAME = "$(TARGET_NAME)";
				SWIFT_VERSION = 3.0;
				TEST_TARGET_NAME = partyRock;
			};
			name = Release;
		};
/* End XCBuildConfiguration section */

/* Begin XCConfigurationList section */
		AAE55B7D1D84A1C2002A64AC /* Build configuration list for PBXProject "partyRock" */ = {
			isa = XCConfigurationList;
			buildConfigurations = (
				AAE55BA81D84A1C2002A64AC /* Debug */,
				AAE55BA91D84A1C2002A64AC /* Release */,
			);
			defaultConfigurationIsVisible = 0;
			defaultConfigurationName = Release;
		};
		AAE55BAA1D84A1C2002A64AC /* Build configuration list for PBXNativeTarget "partyRock" */ = {
			isa = XCConfigurationList;
			buildConfigurations = (
				AAE55BAB1D84A1C2002A64AC /* Debug */,
				AAE55BAC1D84A1C2002A64AC /* Release */,
			);
			defaultConfigurationIsVisible = 0;
		};
		AAE55BAD1D84A1C2002A64AC /* Build configuration list for PBXNativeTarget "partyRockTests" */ = {
			isa = XCConfigurationList;
			buildConfigurations = (
				AAE55BAE1D84A1C2002A64AC /* Debug */,
				AAE55BAF1D84A1C2002A64AC /* Release */,
			);
			defaultConfigurationIsVisible = 0;
		};
		AAE55BB01D84A1C2002A64AC /* Build configuration list for PBXNativeTarget "partyRockUITests" */ = {
			isa = XCConfigurationList;
			buildConfigurations = (
				AAE55BB11D84A1C2002A64AC /* Debug */,
				AAE55BB21D84A1C2002A64AC /* Release */,
			);
			defaultConfigurationIsVisible = 0;
		};
/* End XCConfigurationList section */
	};
	rootObject = AAE55B7A1D84A1C2002A64AC /* Project object */;
}
